#
# This file is autogenerated by pip-compile with Python 3.11
# by the following command:
#
#    pip-compile --output-file=requirements.lock requirements.txt
#
aiohappyeyeballs==2.7.1
    # via aiohttp
aiohttp==3.14.3
    # via
    #   -r requirements.txt
    #   geoip2
aiokafka==0.14.0
    # via -r requirements.txt
aiosignal==1.4.0
    # via aiohttp
aiosqlite==0.22.1
    # via -r requirements.txt
annotated-doc==0.0.5
    # via fastapi
annotated-types==0.8.0
    # via pydantic
anyio==4.14.2
    # via
    #   httpx
    #   sse-starlette
    #   starlette
async-timeout==5.0.1
    # via aiokafka
asyncpg==0.31.0
    # via -r requirements.txt
attrs==26.1.0
    # via
    #   aiohttp
    #   jsonschema
    #   referencing
bcrypt==5.0.0
    # via paramiko
certifi==2026.7.22
    # via
    #   httpcore
    #   httpx
    #   requests
cffi==2.1.1
    # via
    #   cryptography
    #   pynacl
charset-normalizer==3.5.1
    # via requests
click==8.4.2
    # via uvicorn
colorama==0.4.6
    # via click
cryptography==43.0.3
    # via
    #   -r requirements.txt
    #   paramiko
diskcache==5.6.3
    # via pysigma
diskcache-stubs==5.6.3.6.20240818
    # via pysigma
fastapi==0.141.1
    # via -r requirements.txt
frozenlist==1.8.0
    # via
    #   aiohttp
    #   aiosignal
geoip2==4.8.1
    # via -r requirements.txt
googleapis-common-protos==1.75.1
    # via
    #   opentelemetry-exporter-otlp-proto-grpc
    #   opentelemetry-exporter-otlp-proto-http
greenlet==3.5.5
    # via sqlalchemy
grpcio==1.83.0
    # via
    #   opentelemetry-exporter-otlp-proto-grpc
    #   qdrant-client
h11==0.16.0
    # via
    #   httpcore
    #   uvicorn
h2==4.4.1
    # via httpx
hpack==4.2.0
    # via h2
httpcore==1.0.9
    # via httpx
httpx[http2]==0.28.1
    # via
    #   -r requirements.txt
    #   qdrant-client
hyperframe==6.1.0
    # via h2
idna==3.19
    # via
    #   anyio
    #   httpx
    #   requests
    #   yarl
jinja2==3.1.6
    # via
    #   -r requirements.txt
    #   pysigma
jq==1.12.0
    # via pysigma
jsonschema==4.26.0
    # via -r requirements.txt
jsonschema-specifications==2025.9.1
    # via jsonschema
markupsafe==3.0.3
    # via jinja2
maxminddb==2.8.2
    # via geoip2
multidict==6.7.1
    # via
    #   aiohttp
    #   yarl
nexus-rpc==1.4.0
    # via temporalio
numpy==2.4.6
    # via
    #   -r requirements.txt
    #   qdrant-client
opentelemetry-api==1.44.0
    # via
    #   -r requirements.txt
    #   opentelemetry-exporter-otlp-proto-grpc
    #   opentelemetry-exporter-otlp-proto-http
    #   opentelemetry-instrumentation
    #   opentelemetry-instrumentation-httpx
    #   opentelemetry-sdk
    #   opentelemetry-semantic-conventions
opentelemetry-exporter-otlp==1.44.0
    # via -r requirements.txt
opentelemetry-exporter-otlp-proto-common==1.44.0
    # via
    #   opentelemetry-exporter-otlp-proto-grpc
    #   opentelemetry-exporter-otlp-proto-http
opentelemetry-exporter-otlp-proto-grpc==1.44.0
    # via opentelemetry-exporter-otlp
opentelemetry-exporter-otlp-proto-http==1.44.0
    # via opentelemetry-exporter-otlp
opentelemetry-instrumentation==0.65b0
    # via opentelemetry-instrumentation-httpx
opentelemetry-instrumentation-httpx==0.65b0
    # via -r requirements.txt
opentelemetry-proto==1.44.0
    # via
    #   opentelemetry-exporter-otlp-proto-common
    #   opentelemetry-exporter-otlp-proto-grpc
    #   opentelemetry-exporter-otlp-proto-http
opentelemetry-sdk==1.44.0
    # via
    #   -r requirements.txt
    #   opentelemetry-exporter-otlp-proto-grpc
    #   opentelemetry-exporter-otlp-proto-http
opentelemetry-semantic-conventions==0.65b0
    # via
    #   opentelemetry-instrumentation
    #   opentelemetry-instrumentation-httpx
    #   opentelemetry-sdk
opentelemetry-util-http==0.65b0
    # via opentelemetry-instrumentation-httpx
packaging==26.3
    # via
    #   aiokafka
    #   opentelemetry-instrumentation
    #   pysigma
paramiko==3.5.1
    # via -r requirements.txt
pgvector==0.5.0
    # via -r requirements.txt
portalocker==3.2.0
    # via qdrant-client
prometheus-client==0.26.0
    # via -r requirements.txt
propcache==0.5.2
    # via
    #   aiohttp
    #   yarl
protobuf==7.36.0
    # via
    #   googleapis-common-protos
    #   opentelemetry-proto
    #   qdrant-client
    #   temporalio
pycparser==3.0
    # via cffi
pydantic==2.13.4
    # via
    #   -r requirements.txt
    #   fastapi
    #   pydantic-settings
    #   qdrant-client
pydantic-core==2.46.4
    # via pydantic
pydantic-settings==2.15.0
    # via -r requirements.txt
pyjwt==2.13.0
    # via
    #   -r requirements.txt
    #   redis
pynacl==1.6.2
    # via paramiko
pyparsing==3.3.2
    # via pysigma
pysigma==1.5.0
    # via
    #   -r requirements.txt
    #   pysigma-backend-sqlite
pysigma-backend-sqlite==1.2.4
    # via -r requirements.txt
python-dotenv==1.2.3
    # via pydantic-settings
pywin32==312; sys_platform == 'win32'
    # via portalocker  (仅 Windows; portalocker 依赖 marker platform_system=="Windows", Linux 跳过)
pyyaml==6.0.3
    # via pysigma
qdrant-client==1.19.0
    # via -r requirements.txt
redis==5.3.1
    # via -r requirements.txt
referencing==0.37.0
    # via
    #   jsonschema
    #   jsonschema-specifications
requests==2.34.2
    # via
    #   geoip2
    #   opentelemetry-exporter-otlp-proto-http
    #   pysigma
rpds-py==2026.6.3
    # via
    #   jsonschema
    #   referencing
scapy==2.7.0
    # via -r requirements.txt
sqlalchemy==2.0.52
    # via -r requirements.txt
sse-starlette==2.4.1
    # via -r requirements.txt
starlette==1.6.0
    # via fastapi
temporalio==1.32.0
    # via -r requirements.txt
types-protobuf==7.35.1.20260825
    # via temporalio
types-pyyaml==6.0.12.20260815
    # via pysigma
typing-extensions==4.16.0
    # via
    #   aiohttp
    #   aiokafka
    #   aiosignal
    #   anyio
    #   diskcache-stubs
    #   fastapi
    #   grpcio
    #   nexus-rpc
    #   opentelemetry-api
    #   opentelemetry-exporter-otlp-proto-grpc
    #   opentelemetry-exporter-otlp-proto-http
    #   opentelemetry-sdk
    #   opentelemetry-semantic-conventions
    #   pydantic
    #   pydantic-core
    #   pysigma
    #   referencing
    #   sqlalchemy
    #   starlette
    #   temporalio
    #   typing-inspection
typing-inspection==0.4.4
    # via
    #   fastapi
    #   pydantic
    #   pydantic-settings
urllib3==2.7.0
    # via
    #   qdrant-client
    #   requests
uvicorn==0.52.4
    # via -r requirements.txt
wrapt==2.3.0
    # via
    #   opentelemetry-instrumentation
    #   opentelemetry-instrumentation-httpx
yarl==1.24.5
    # via aiohttp
